
Microsoft Visual Studio Solution File, Format Version 12.00
# Visual Studio Version 17
VisualStudioVersion = 17.6.33829.357
MinimumVisualStudioVersion = 10.0.40219.1
Project("{9A19103F-16F7-4668-BE54-9A1E7A4F7556}") = "Product_Catalogue", "Product_Catalogue\Product_Catalogue.csproj", "{D47A008D-6826-4E3E-BE13-A8BD873B140A}"
EndProject
Global
	GlobalSection(SolutionConfigurationPlatforms) = preSolution
		Debug|Any CPU = Debug|Any CPU
		Release|Any CPU = Release|Any CPU
	EndGlobalSection
	GlobalSection(ProjectConfigurationPlatforms) = postSolution
		{D47A008D-6826-4E3E-BE13-A8BD873B140A}.Debug|Any CPU.ActiveCfg = Debug|Any CPU
		{D47A008D-6826-4E3E-BE13-A8BD873B140A}.Debug|Any CPU.Build.0 = Debug|Any CPU
		{D47A008D-6826-4E3E-BE13-A8BD873B140A}.Release|Any CPU.ActiveCfg = Release|Any CPU
		{D47A008D-6826-4E3E-BE13-A8BD873B140A}.Release|Any CPU.Build.0 = Release|Any CPU
	EndGlobalSection
	GlobalSection(SolutionProperties) = preSolution
		HideSolutionNode = FALSE
	EndGlobalSection
	GlobalSection(ExtensibilityGlobals) = postSolution
		SolutionGuid = {AF18F594-CCB1-4EAE-B58D-0F274667D46C}
	EndGlobalSection
EndGlobal
